// !$*UTF8*$!
{
	archiveVersion = 1;
	classes = {
	};
	objectVersion = 46;
	objects = {

/* Begin PBXBuildFile section */
		8720FC451EA8AD70009CC564 /* AppDelegate.swift in Sources */ = {isa = PBXBuildFile; fileRef = 8720FC441EA8AD70009CC564 /* AppDelegate.swift */; };
		8720FC471EA8AD70009CC564 /* ViewController.swift in Sources */ = {isa = PBXBuildFile; fileRef = 8720FC461EA8AD70009CC564 /* ViewController.swift */; };
		8720FC4A1EA8AD70009CC564 /* Main.storyboard in Resources */ = {isa = PBXBuildFile; fileRef = 8720FC481EA8AD70009CC564 /* Main.storyboard */; };
		8720FC4C1EA8AD70009CC564 /* Assets.xcassets in Resources */ = {isa = PBXBuildFile; fileRef = 8720FC4B1EA8AD70009CC564 /* Assets.xcassets */; };
		8720FC4F1EA8AD70009CC564 /* LaunchScreen.storyboard in Resources */ = {isa = PBXBuildFile; fileRef = 8720FC4D1EA8AD70009CC564 /* LaunchScreen.storyboard */; };
/* End PBXBuildFile section */

/* Begin PBXFileReference section */
		8720FC411EA8AD70009CC564 /* PrivatBankAPI.app */ = {isa = PBXFileReference; explicitFileType = wrapper.application; includeInIndex = 0; path = PrivatBankAPI.app; sourceTree = BUILT_PRODUCTS_DIR; };
		8720FC441EA8AD70009CC564 /* AppDelegate.swift */ = {isa = PBXFileReference; lastKnownFileType = sourcecode.swift; path = AppDelegate.swift; sourceTree = "<group>"; };
		8720FC461EA8AD70009CC564 /* ViewController.swift */ = {isa = PBXFileReference; lastKnownFileType = sourcecode.swift; path = ViewController.swift; sourceTree = "<group>"; };
		8720FC491EA8AD70009CC564 /* Base */ = {isa = PBXFileReference; lastKnownFileType = file.storyboard; name = Base; path = Base.lproj/Main.storyboard; sourceTree = "<group>"; };
		8720FC4B1EA8AD70009CC564 /* Assets.xcassets */ = {isa = PBXFileReference; lastKnownFileType = folder.assetcatalog; path = Assets.xcassets; sourceTree = "<group>"; };
		8720FC4E1EA8AD70009CC564 /* Base */ = {isa = PBXFileReference; lastKnownFileType = file.storyboard; name = Base; path = Base.lproj/LaunchScreen.storyboard; sourceTree = "<group>"; };
		8720FC501EA8AD70009CC564 /* Info.plist */ = {isa = PBXFileReference; lastKnownFileType = text.plist.xml; path = Info.plist; sourceTree = "<group>"; };
/* End PBXFileReference section */

/* Begin PBXFrameworksBuildPhase section */
		8720FC3E1EA8AD70009CC564 /* Frameworks */ = {
			isa = PBXFrameworksBuildPhase;
			buildActionMask = 2147483647;
			files = (
			);
			runOnlyForDeploymentPostprocessing = 0;
		};
/* End PBXFrameworksBuildPhase section */

/* Begin PBXGroup section */
		8720FC381EA8AD70009CC564 = {
			isa = PBXGroup;
			children = (
				8720FC431EA8AD70009CC564 /* PrivatBankAPI */,
				8720FC421EA8AD70009CC564 /* Products */,
			);
			sourceTree = "<group>";
		};
		8720FC421EA8AD70009CC564 /* Products */ = {
			isa = PBXGroup;
			children = (
				8720FC411EA8AD70009CC564 /* PrivatBankAPI.app */,
			);
			name = Products;
			sourceTree = "<group>";
		};
		8720FC431EA8AD70009CC564 /* PrivatBankAPI */ = {
			isa = PBXGroup;
			children = (
				8720FC441EA8AD70009CC564 /* AppDelegate.swift */,
				8720FC461EA8AD70009CC564 /* ViewController.swift */,
				8720FC481EA8AD70009CC564 /* Main.storyboard */,
				8720FC4B1EA8AD70009CC564 /* Assets.xcassets */,
				8720FC4D1EA8AD70009CC564 /* LaunchScreen.storyboard */,
				8720FC501EA8AD70009CC564 /* Info.plist */,
			);
			path = PrivatBankAPI;
			sourceTree = "<group>";
		};
/* End PBXGroup section */

/* Begin PBXNativeTarget section */
		8720FC401EA8AD70009CC564 /* PrivatBankAPI */ = {
			isa = PBXNativeTarget;
			buildConfigurationList = 8720FC531EA8AD70009CC564 /* Build configuration list for PBXNativeTarget "PrivatBankAPI" */;
			buildPhases = (
				8720FC3D1EA8AD70009CC564 /* Sources */,
				8720FC3E1EA8AD70009CC564 /* Frameworks */,
				8720FC3F1EA8AD70009CC564 /* Resources */,
			);
			buildRules = (
			);
			dependencies = (
			);
			name = PrivatBankAPI;
			productName = PrivatBankAPI;
			productReference = 8720FC411EA8AD70009CC564 /* PrivatBankAPI.app */;
			productType = "com.apple.product-type.application";
		};
/* End PBXNativeTarget section */

/* Begin PBXProject section */
		8720FC391EA8AD70009CC564 /* Project object */ = {
			isa = PBXProject;
			attributes = {
				LastSwiftUpdateCheck = 0830;
				LastUpgradeCheck = 0830;
				ORGANIZATIONNAME = "Andrij Trubchanin";
				TargetAttributes = {
					8720FC401EA8AD70009CC564 = {
						CreatedOnToolsVersion = 8.3.1;
						DevelopmentTeam = C9NT3SAT5M;
						ProvisioningStyle = Automatic;
					};
				};
			};
			buildConfigurationList = 8720FC3C1EA8AD70009CC564 /* Build configuration list for PBXProject "PrivatBankAPI" */;
			compatibilityVersion = "Xcode 3.2";
			developmentRegion = English;
			hasScannedForEncodings = 0;
			knownRegions = (
				en,
				Base,
			);
			mainGroup = 8720FC381EA8AD70009CC564;
			productRefGroup = 8720FC421EA8AD70009CC564 /* Products */;
			projectDirPath = "";
			projectRoot = "";
			targets = (
				8720FC401EA8AD70009CC564 /* PrivatBankAPI */,
			);
		};
/* End PBXProject section */

/* Begin PBXResourcesBuildPhase section */
		8720FC3F1EA8AD70009CC564 /* Resources */ = {
			isa = PBXResourcesBuildPhase;
			buildActionMask = 2147483647;
			files = (
				8720FC4F1EA8AD70009CC564 /* LaunchScreen.storyboard in Resources */,
				8720FC4C1EA8AD70009CC564 /* Assets.xcassets in Resources */,
				8720FC4A1EA8AD70009CC564 /* Main.storyboard in Resources */,
			);
			runOnlyForDeploymentPostprocessing = 0;
		};
/* End PBXResourcesBuildPhase section */

/* Begin PBXSourcesBuildPhase section */
		8720FC3D1EA8AD70009CC564 /* Sources */ = {
			isa = PBXSourcesBuildPhase;
			buildActionMask = 2147483647;
			files = (
				8720FC471EA8AD70009CC564 /* ViewController.swift in Sources */,
				8720FC451EA8AD70009CC564 /* AppDelegate.swift in Sources */,
			);
			runOnlyForDeploymentPostprocessing = 0;
		};
/* End PBXSourcesBuildPhase section */

/* Begin PBXVariantGroup section */
		8720FC481EA8AD70009CC564 /* Main.storyboard */ = {
			isa = PBXVariantGroup;
			children = (
				8720FC491EA8AD70009CC564 /* Base */,
			);
			name = Main.storyboard;
			sourceTree = "<group>";
		};
		8720FC4D1EA8AD70009CC564 /* LaunchScreen.storyboard */ = {
			isa = PBXVariantGroup;
			children = (
				8720FC4E1EA8AD70009CC564 /* Base */,
			);
			name = LaunchScreen.storyboard;
			sourceTree = "<group>";
		};
/* End PBXVariantGroup section */

/* Begin XCBuildConfiguration section */
		8720FC511EA8AD70009CC564 /* Debug */ = {
			isa = XCBuildConfiguration;
			buildSettings = {
				ALWAYS_SEARCH_USER_PATHS = NO;
				CLANG_ANALYZER_NONNULL = YES;
				CLANG_ANALYZER_NUMBER_OBJECT_CONVERSION = YES_AGGRESSIVE;
				CLANG_CXX_LANGUAGE_STANDARD = "gnu++0x";
				CLANG_CXX_LIBRARY = "libc++";
				CLANG_ENABLE_MODULES = YES;
				CLANG_ENABLE_OBJC_ARC = YES;
				CLANG_WARN_BOOL_CONVERSION = YES;
				CLANG_WARN_CONSTANT_CONVERSION = YES;
				CLANG_WARN_DIRECT_OBJC_ISA_USAGE = YES_ERROR;
				CLANG_WARN_DOCUMENTATION_COMMENTS = YES;
				CLANG_WARN_EMPTY_BODY = YES;
				CLANG_WARN_ENUM_CONVERSION = YES;
				CLANG_WARN_INFINITE_RECURSION = YES;
				CLANG_WARN_INT_CONVERSION = YES;
				CLANG_WARN_OBJC_ROOT_CLASS = YES_ERROR;
				CLANG_WARN_SUSPICIOUS_MOVE = YES;
				CLANG_WARN_UNREACHABLE_CODE = YES;
				CLANG_WARN__DUPLICATE_METHOD_MATCH = YES;
				"CODE_SIGN_IDENTITY[sdk=iphoneos*]" = "iPhone Developer";
				COPY_PHASE_STRIP = NO;
				DEBUG_INFORMATION_FORMAT = dwarf;
				ENABLE_STRICT_OBJC_MSGSEND = YES;
				ENABLE_TESTABILITY = YES;
				GCC_C_LANGUAGE_STANDARD = gnu99;
				GCC_DYNAMIC_NO_PIC = NO;
				GCC_NO_COMMON_BLOCKS = YES;
				GCC_OPTIMIZATION_LEVEL = 0;
				GCC_PREPROCESSOR_DEFINITIONS = (
					"DEBUG=1",
					"$(inherited)",
				);
				GCC_WARN_64_TO_32_BIT_CONVERSION = YES;
				GCC_WARN_ABOUT_RETURN_TYPE = YES_ERROR;
				GCC_WARN_UNDECLARED_SELECTOR = YES;
				GCC_WARN_UNINITIALIZED_AUTOS = YES_AGGRESSIVE;
				GCC_WARN_UNUSED_FUNCTION = YES;
				GCC_WARN_UNUSED_VARIABLE = YES;
				IPHONEOS_DEPLOYMENT_TARGET = 10.3;
				MTL_ENABLE_DEBUG_INFO = YES;
				ONLY_ACTIVE_ARCH = YES;
				SDKROOT = iphoneos;
				SWIFT_ACTIVE_COMPILATION_CONDITIONS = DEBUG;
				SWIFT_OPTIMIZATION_LEVEL = "-Onone";
				TARGETED_DEVICE_FAMILY = "1,2";
			};
			name = Debug;
		};
		8720FC521EA8AD70009CC564 /* Release */ = {
			isa = XCBuildConfiguration;
			buildSettings = {
				ALWAYS_SEARCH_USER_PATHS = NO;
				CLANG_ANALYZER_NONNULL = YES;
				CLANG_ANALYZER_NUMBER_OBJECT_CONVERSION = YES_AGGRESSIVE;
				CLANG_CXX_LANGUAGE_STANDARD = "gnu++0x";
				CLANG_CXX_LIBRARY = "libc++";
				CLANG_ENABLE_MODULES = YES;
				CLANG_ENABLE_OBJC_ARC = YES;
				CLANG_WARN_BOOL_CONVERSION = YES;
				CLANG_WARN_CONSTANT_CONVERSION = YES;
				CLANG_WARN_DIRECT_OBJC_ISA_USAGE = YES_ERROR;
				CLANG_WARN_DOCUMENTATION_COMMENTS = YES;
				CLANG_WARN_EMPTY_BODY = YES;
				CLANG_WARN_ENUM_CONVERSION = YES;
				CLANG_WARN_INFINITE_RECURSION = YES;
				CLANG_WARN_INT_CONVERSION = YES;
				CLANG_WARN_OBJC_ROOT_CLASS = YES_ERROR;
				CLANG_WARN_SUSPICIOUS_MOVE = YES;
				CLANG_WARN_UNREACHABLE_CODE = YES;
				CLANG_WARN__DUPLICATE_METHOD_MATCH = YES;
				"CODE_SIGN_IDENTITY[sdk=iphoneos*]" = "iPhone Developer";
				COPY_PHASE_STRIP = NO;
				DEBUG_INFORMATION_FORMAT = "dwarf-with-dsym";
				ENABLE_NS_ASSERTIONS = NO;
				ENABLE_STRICT_OBJC_MSGSEND = YES;
				GCC_C_LANGUAGE_STANDARD = gnu99;
				GCC_NO_COMMON_BLOCKS = YES;
				GCC_WARN_64_TO_32_BIT_CONVERSION = YES;
				GCC_WARN_ABOUT_RETURN_TYPE = YES_ERROR;
				GCC_WARN_UNDECLARED_SELECTOR = YES;
				GCC_WARN_UNINITIALIZED_AUTOS = YES_AGGRESSIVE;
				GCC_WARN_UNUSED_FUNCTION = YES;
				GCC_WARN_UNUSED_VARIABLE = YES;
				IPHONEOS_DEPLOYMENT_TARGET = 10.3;
				MTL_ENABLE_DEBUG_INFO = NO;
				SDKROOT = iphoneos;
				SWIFT_OPTIMIZATION_LEVEL = "-Owholemodule";
				TARGETED_DEVICE_FAMILY = "1,2";
				VALIDATE_PRODUCT = YES;
			};
			name = Release;
		};
		8720FC541EA8AD70009CC564 /* Debug */ = {
			isa = XCBuildConfiguration;
			buildSettings = {
				ASSETCATALOG_COMPILER_APPICON_NAME = AppIcon;
				DEVELOPMENT_TEAM = C9NT3SAT5M;
				INFOPLIST_FILE = PrivatBankAPI/Info.plist;
				LD_RUNPATH_SEARCH_PATHS = "$(inherited) @executable_path/Frameworks";
				PRODUCT_BUNDLE_IDENTIFIER = trand.PrivatBankAPI;
				PRODUCT_NAME = "$(TARGET_NAME)";
				SWIFT_VERSION = 3.0;
			};
			name = Debug;
		};
		8720FC551EA8AD70009CC564 /* Release */ = {
			isa = XCBuildConfiguration;
			buildSettings = {
				ASSETCATALOG_COMPILER_APPICON_NAME = AppIcon;
				DEVELOPMENT_TEAM = C9NT3SAT5M;
				INFOPLIST_FILE = PrivatBankAPI/Info.plist;
				LD_RUNPATH_SEARCH_PATHS = "$(inherited) @executable_path/Frameworks";
				PRODUCT_BUNDLE_IDENTIFIER = trand.PrivatBankAPI;
				PRODUCT_NAME = "$(TARGET_NAME)";
				SWIFT_VERSION = 3.0;
			};
			name = Release;
		};
/* End XCBuildConfiguration section */

/* Begin XCConfigurationList section */
		8720FC3C1EA8AD70009CC564 /* Build configuration list for PBXProject "PrivatBankAPI" */ = {
			isa = XCConfigurationList;
			buildConfigurations = (
				8720FC511EA8AD70009CC564 /* Debug */,
				8720FC521EA8AD70009CC564 /* Release */,
			);
			defaultConfigurationIsVisible = 0;
			defaultConfigurationName = Release;
		};
		8720FC531EA8AD70009CC564 /* Build configuration list for PBXNativeTarget "PrivatBankAPI" */ = {
			isa = XCConfigurationList;
			buildConfigurations = (
				8720FC541EA8AD70009CC564 /* Debug */,
				8720FC551EA8AD70009CC564 /* Release */,
			);
			defaultConfigurationIsVisible = 0;
		};
/* End XCConfigurationList section */
	};
	rootObject = 8720FC391EA8AD70009CC564 /* Project object */;
}
